<?xml version="1.0" encoding="utf-8"?>
<Project ToolsVersion="4.0" xmlns="http://schemas.microsoft.com/developer/msbuild/2003">
  <ItemGroup>
    <FxCompile Include="Resources\shaders\FBXPS.hlsl">
      <Filter>HLSL</Filter>
    </FxCompile>
    <FxCompile Include="Resources\shaders\FBXVS.hlsl">
      <Filter>HLSL</Filter>
    </FxCompile>
    <FxCompile Include="Resources\shaders\OBJPS.hlsl">
      <Filter>HLSL</Filter>
    </FxCompile>
    <FxCompile Include="Resources\shaders\OBJVS.hlsl">
      <Filter>HLSL</Filter>
    </FxCompile>
    <FxCompile Include="Resources\shaders\ParticleGS.hlsl">
      <Filter>HLSL</Filter>
    </FxCompile>
    <FxCompile Include="Resources\shaders\ParticleVS.hlsl">
      <Filter>HLSL</Filter>
    </FxCompile>
    <FxCompile Include="Resources\shaders\ParticlePS.hlsl">
      <Filter>HLSL</Filter>
    </FxCompile>
    <FxCompile Include="Resources\shaders\SpritePS.hlsl">
      <Filter>HLSL</Filter>
    </FxCompile>
    <FxCompile Include="Resources\shaders\SpriteVS.hlsl">
      <Filter>HLSL</Filter>
    </FxCompile>
  </ItemGroup>
  <ItemGroup>
    <ClCompile Include="main.cpp" />
    <ClCompile Include="scene\GameScene.cpp" />
    <ClCompile Include="others\Collision.cpp">
      <Filter>collision</Filter>
    </ClCompile>
    <ClCompile Include="others\CollisionPrimitive.cpp">
      <Filter>collision</Filter>
    </ClCompile>
    <ClCompile Include="2d\DebugText.cpp">
      <Filter>2d</Filter>
    </ClCompile>
    <ClCompile Include="DirectXCommon\DXCommon.cpp">
      <Filter>Common</Filter>
    </ClCompile>
    <ClCompile Include="audio\Audio.cpp">
      <Filter>other</Filter>
    </ClCompile>
    <ClCompile Include="camera\Camera.cpp">
      <Filter>other</Filter>
    </ClCompile>
    <ClCompile Include="3d\FbxLoader.cpp">
      <Filter>3d\FBX</Filter>
    </ClCompile>
    <ClCompile Include="3d\FbxModel.cpp">
      <Filter>3d\FBX</Filter>
    </ClCompile>
    <ClCompile Include="3d\FbxObject.cpp">
      <Filter>3d\FBX</Filter>
    </ClCompile>
    <ClCompile Include="input\input.cpp">
      <Filter>other</Filter>
    </ClCompile>
    <ClCompile Include="3d\Light.cpp">
      <Filter>other</Filter>
    </ClCompile>
    <ClCompile Include="3d\ParticleManager.cpp">
      <Filter>3d\OBJ</Filter>
    </ClCompile>
    <ClCompile Include="3d\Object3d.cpp">
      <Filter>3d\OBJ</Filter>
    </ClCompile>
    <ClCompile Include="3d\Model.cpp">
      <Filter>3d\OBJ</Filter>
    </ClCompile>
    <ClCompile Include="2d\Sprite.cpp">
      <Filter>2d</Filter>
    </ClCompile>
    <ClCompile Include="DirectXCommon\WinApp.cpp">
      <Filter>Common</Filter>
    </ClCompile>
  </ItemGroup>
  <ItemGroup>
    <ClInclude Include="scene\GameScene.h" />
    <ClInclude Include="others\Collision.h">
      <Filter>collision</Filter>
    </ClInclude>
    <ClInclude Include="others\CollisionPrimitive.h">
      <Filter>collision</Filter>
    </ClInclude>
    <ClInclude Include="2d\DebugText.h">
      <Filter>2d</Filter>
    </ClInclude>
    <ClInclude Include="DirectXCommon\DXCommon.h">
      <Filter>Common</Filter>
    </ClInclude>
    <ClInclude Include="audio\Audio.h">
      <Filter>other</Filter>
    </ClInclude>
    <ClInclude Include="camera\Camera.h">
      <Filter>other</Filter>
    </ClInclude>
    <ClInclude Include="3d\FbxLoader.h">
      <Filter>3d\FBX</Filter>
    </ClInclude>
    <ClInclude Include="3d\FbxModel.h">
      <Filter>3d\FBX</Filter>
    </ClInclude>
    <ClInclude Include="3d\FbxObject.h">
      <Filter>3d\FBX</Filter>
    </ClInclude>
    <ClInclude Include="input\input.h">
      <Filter>other</Filter>
    </ClInclude>
    <ClInclude Include="3d\Light.h">
      <Filter>other</Filter>
    </ClInclude>
    <ClInclude Include="3d\ParticleManager.h">
      <Filter>3d\OBJ</Filter>
    </ClInclude>
    <ClInclude Include="3d\Object3d.h">
      <Filter>3d\OBJ</Filter>
    </ClInclude>
    <ClInclude Include="3d\Model.h">
      <Filter>3d\OBJ</Filter>
    </ClInclude>
    <ClInclude Include="DirectXCommon\SafeDelete.h">
      <Filter>other</Filter>
    </ClInclude>
    <ClInclude Include="2d\Sprite.h">
      <Filter>2d</Filter>
    </ClInclude>
    <ClInclude Include="DirectXCommon\WinApp.h">
      <Filter>Common</Filter>
    </ClInclude>
  </ItemGroup>
  <ItemGroup>
    <None Include="Resources\shaders\FBX.hlsli">
      <Filter>HLSL</Filter>
    </None>
    <None Include="Resources\shaders\OBJ.hlsli">
      <Filter>HLSL</Filter>
    </None>
    <None Include="Resources\shaders\Particle.hlsli">
      <Filter>HLSL</Filter>
    </None>
    <None Include="Resources\shaders\Sprite.hlsli">
      <Filter>HLSL</Filter>
    </None>
  </ItemGroup>
  <ItemGroup>
    <Filter Include="2d">
      <UniqueIdentifier>{9d2e6ff4-956b-4a8c-ade4-4e4c8cf781fe}</UniqueIdentifier>
    </Filter>
    <Filter Include="collision">
      <UniqueIdentifier>{f7ac801e-1cba-4abb-b7a9-4ce5b42478b9}</UniqueIdentifier>
    </Filter>
    <Filter Include="other">
      <UniqueIdentifier>{0ffc4c68-4eba-4297-b8af-7a65e4ce68aa}</UniqueIdentifier>
    </Filter>
    <Filter Include="Common">
      <UniqueIdentifier>{e0ebdc36-bdb1-4288-ba55-b66ad0bb2b4a}</UniqueIdentifier>
    </Filter>
    <Filter Include="3d">
      <UniqueIdentifier>{80ea3a40-2793-420c-8b86-d1c5b50f21df}</UniqueIdentifier>
    </Filter>
    <Filter Include="3d\FBX">
      <UniqueIdentifier>{f53b41c2-9fd3-49a3-8d2c-ec984f309a32}</UniqueIdentifier>
    </Filter>
    <Filter Include="3d\OBJ">
      <UniqueIdentifier>{fbc041ed-2f01-4366-b29e-f79d7e1d2373}</UniqueIdentifier>
    </Filter>
    <Filter Include="HLSL">
      <UniqueIdentifier>{e4125239-188b-488f-9ff3-fd52a069eb70}</UniqueIdentifier>
    </Filter>
  </ItemGroup>
</Project>